
Microsoft Visual Studio Solution File, Format Version 12.00
# Visual Studio Version 17
VisualStudioVersion = 17.2.32630.192
MinimumVisualStudioVersion = 10.0.40219.1
Project("{FAE04EC0-301F-11D3-BF4B-00C04F79EFBC}") = "BasicATM", "BasicATM\BasicATM.csproj", "{0C91CAA0-FECE-4783-994F-F807A6D8D7C7}"
EndProject
Global
	GlobalSection(SolutionConfigurationPlatforms) = preSolution
		Debug|Any CPU = Debug|Any CPU
		Release|Any CPU = Release|Any CPU
	EndGlobalSection
	GlobalSection(ProjectConfigurationPlatforms) = postSolution
		{0C91CAA0-FECE-4783-994F-F807A6D8D7C7}.Debug|Any CPU.ActiveCfg = Debug|Any CPU
		{0C91CAA0-FECE-4783-994F-F807A6D8D7C7}.Debug|Any CPU.Build.0 = Debug|Any CPU
		{0C91CAA0-FECE-4783-994F-F807A6D8D7C7}.Release|Any CPU.ActiveCfg = Release|Any CPU
		{0C91CAA0-FECE-4783-994F-F807A6D8D7C7}.Release|Any CPU.Build.0 = Release|Any CPU
	EndGlobalSection
	GlobalSection(SolutionProperties) = preSolution
		HideSolutionNode = FALSE
	EndGlobalSection
	GlobalSection(ExtensibilityGlobals) = postSolution
		SolutionGuid = {E0159C9C-A7B6-46E5-8301-AA5CED4B422C}
	EndGlobalSection
EndGlobal
